
Microsoft Visual Studio Solution File, Format Version 12.00
# Visual Studio Version 17
VisualStudioVersion = 17.3.32825.248
MinimumVisualStudioVersion = 10.0.40219.1
Project("{FAE04EC0-301F-11D3-BF4B-00C04F79EFBC}") = "ListaPOOex1", "ListaPOOex1\ListaPOOex1.csproj", "{7CCD109B-C731-418B-B4B4-5F8A7A599D7B}"
EndProject
Global
	GlobalSection(SolutionConfigurationPlatforms) = preSolution
		Debug|Any CPU = Debug|Any CPU
		Release|Any CPU = Release|Any CPU
	EndGlobalSection
	GlobalSection(ProjectConfigurationPlatforms) = postSolution
		{7CCD109B-C731-418B-B4B4-5F8A7A599D7B}.Debug|Any CPU.ActiveCfg = Debug|Any CPU
		{7CCD109B-C731-418B-B4B4-5F8A7A599D7B}.Debug|Any CPU.Build.0 = Debug|Any CPU
		{7CCD109B-C731-418B-B4B4-5F8A7A599D7B}.Release|Any CPU.ActiveCfg = Release|Any CPU
		{7CCD109B-C731-418B-B4B4-5F8A7A599D7B}.Release|Any CPU.Build.0 = Release|Any CPU
	EndGlobalSection
	GlobalSection(SolutionProperties) = preSolution
		HideSolutionNode = FALSE
	EndGlobalSection
	GlobalSection(ExtensibilityGlobals) = postSolution
		SolutionGuid = {6A9D6B9C-BE13-4692-B0FB-38600C4DF69B}
	EndGlobalSection
EndGlobal
