
Microsoft Visual Studio Solution File, Format Version 12.00
# Visual Studio Version 17
VisualStudioVersion = 17.3.32825.248
MinimumVisualStudioVersion = 10.0.40219.1
Project("{FAE04EC0-301F-11D3-BF4B-00C04F79EFBC}") = "ListaPOOex10", "ListaPOOex10\ListaPOOex10.csproj", "{8D8DEEF4-A60C-48CF-B999-68F63F98AC06}"
EndProject
Global
	GlobalSection(SolutionConfigurationPlatforms) = preSolution
		Debug|Any CPU = Debug|Any CPU
		Release|Any CPU = Release|Any CPU
	EndGlobalSection
	GlobalSection(ProjectConfigurationPlatforms) = postSolution
		{8D8DEEF4-A60C-48CF-B999-68F63F98AC06}.Debug|Any CPU.ActiveCfg = Debug|Any CPU
		{8D8DEEF4-A60C-48CF-B999-68F63F98AC06}.Debug|Any CPU.Build.0 = Debug|Any CPU
		{8D8DEEF4-A60C-48CF-B999-68F63F98AC06}.Release|Any CPU.ActiveCfg = Release|Any CPU
		{8D8DEEF4-A60C-48CF-B999-68F63F98AC06}.Release|Any CPU.Build.0 = Release|Any CPU
	EndGlobalSection
	GlobalSection(SolutionProperties) = preSolution
		HideSolutionNode = FALSE
	EndGlobalSection
	GlobalSection(ExtensibilityGlobals) = postSolution
		SolutionGuid = {A35C8BE7-8593-4FC4-A31C-F5084FE7A7F5}
	EndGlobalSection
EndGlobal
